// !$*UTF8*$!
{
	archiveVersion = 1;
	classes = {
	};
	objectVersion = 56;
	objects = {

/* Begin PBXBuildFile section */
		CD0A94F42AEDD4CB008E0D73 /* AppDelegate.swift in Sources */ = {isa = PBXBuildFile; fileRef = CD0A94F32AEDD4CB008E0D73 /* AppDelegate.swift */; };
		CD0A94F62AEDD4CB008E0D73 /* SceneDelegate.swift in Sources */ = {isa = PBXBuildFile; fileRef = CD0A94F52AEDD4CB008E0D73 /* SceneDelegate.swift */; };
		CD0A94F82AEDD4CB008E0D73 /* SearchViewController.swift in Sources */ = {isa = PBXBuildFile; fileRef = CD0A94F72AEDD4CB008E0D73 /* SearchViewController.swift */; };
		CD0A94FB2AEDD4CB008E0D73 /* Main.storyboard in Resources */ = {isa = PBXBuildFile; fileRef = CD0A94F92AEDD4CB008E0D73 /* Main.storyboard */; };
		CD0A94FD2AEDD4CC008E0D73 /* Assets.xcassets in Resources */ = {isa = PBXBuildFile; fileRef = CD0A94FC2AEDD4CC008E0D73 /* Assets.xcassets */; };
		CD0A95002AEDD4CC008E0D73 /* LaunchScreen.storyboard in Resources */ = {isa = PBXBuildFile; fileRef = CD0A94FE2AEDD4CC008E0D73 /* LaunchScreen.storyboard */; };
		CD0B22F12AEE73A400180DF9 /* URLSessionable.swift in Sources */ = {isa = PBXBuildFile; fileRef = CD0B22F02AEE73A400180DF9 /* URLSessionable.swift */; };
		CD0B22F32AEE74E300180DF9 /* NetworkManageable.swift in Sources */ = {isa = PBXBuildFile; fileRef = CD0B22F22AEE74E300180DF9 /* NetworkManageable.swift */; };
		CD0B22F62AEE755400180DF9 /* ListRepositoryActivities.swift in Sources */ = {isa = PBXBuildFile; fileRef = CD0B22F52AEE755400180DF9 /* ListRepositoryActivities.swift */; };
		CD0B22F82AEE759A00180DF9 /* NetworkManager.swift in Sources */ = {isa = PBXBuildFile; fileRef = CD0B22F72AEE759A00180DF9 /* NetworkManager.swift */; };
		CD0B22FB2AEE771500180DF9 /* MGError.swift in Sources */ = {isa = PBXBuildFile; fileRef = CD0B22FA2AEE771500180DF9 /* MGError.swift */; };
		CD0B22FE2AEE785700180DF9 /* HttpMethod.swift in Sources */ = {isa = PBXBuildFile; fileRef = CD0B22FD2AEE785700180DF9 /* HttpMethod.swift */; };
		CD0B23002AEE794500180DF9 /* NetworkRequest.swift in Sources */ = {isa = PBXBuildFile; fileRef = CD0B22FF2AEE794500180DF9 /* NetworkRequest.swift */; };
		CD0B23022AEE7F0E00180DF9 /* HeaderField.swift in Sources */ = {isa = PBXBuildFile; fileRef = CD0B23012AEE7F0E00180DF9 /* HeaderField.swift */; };
		CD209F702AEF220A00FF3A06 /* APIEnviorment.swift in Sources */ = {isa = PBXBuildFile; fileRef = CD209F6F2AEF220A00FF3A06 /* APIEnviorment.swift */; };
		CD209F732AEF242800FF3A06 /* GithubServiceEndPoint.swift in Sources */ = {isa = PBXBuildFile; fileRef = CD209F722AEF242800FF3A06 /* GithubServiceEndPoint.swift */; };
		CD209F772AEF2C4600FF3A06 /* ImageContents.swift in Sources */ = {isa = PBXBuildFile; fileRef = CD209F762AEF2C4600FF3A06 /* ImageContents.swift */; };
		CD209F7B2AEF2EEE00FF3A06 /* ListRepositoiesForUser.swift in Sources */ = {isa = PBXBuildFile; fileRef = CD209F7A2AEF2EEE00FF3A06 /* ListRepositoiesForUser.swift */; };
		CD209F7D2AEF41D900FF3A06 /* PRODUCTION-API-TOKEN.plist in Resources */ = {isa = PBXBuildFile; fileRef = CD209F7C2AEF41D900FF3A06 /* PRODUCTION-API-TOKEN.plist */; };
		CD209F852AEF42C200FF3A06 /* Bundle+.swift in Sources */ = {isa = PBXBuildFile; fileRef = CD209F842AEF42C200FF3A06 /* Bundle+.swift */; };
		CD92057F2AEF55E9005EF657 /* DEVELOPMENT-API-TOKEN.plist in Resources */ = {isa = PBXBuildFile; fileRef = CD92057E2AEF55E9005EF657 /* DEVELOPMENT-API-TOKEN.plist */; };
		CD9205812AEF5602005EF657 /* STAGING-API-TOKEN.plist in Resources */ = {isa = PBXBuildFile; fileRef = CD9205802AEF5602005EF657 /* STAGING-API-TOKEN.plist */; };
/* End PBXBuildFile section */

/* Begin PBXFileReference section */
		CD0A94F02AEDD4CB008E0D73 /* monegi.app */ = {isa = PBXFileReference; explicitFileType = wrapper.application; includeInIndex = 0; path = monegi.app; sourceTree = BUILT_PRODUCTS_DIR; };
		CD0A94F32AEDD4CB008E0D73 /* AppDelegate.swift */ = {isa = PBXFileReference; lastKnownFileType = sourcecode.swift; path = AppDelegate.swift; sourceTree = "<group>"; };
		CD0A94F52AEDD4CB008E0D73 /* SceneDelegate.swift */ = {isa = PBXFileReference; lastKnownFileType = sourcecode.swift; path = SceneDelegate.swift; sourceTree = "<group>"; };
		CD0A94F72AEDD4CB008E0D73 /* SearchViewController.swift */ = {isa = PBXFileReference; lastKnownFileType = sourcecode.swift; path = SearchViewController.swift; sourceTree = "<group>"; };
		CD0A94FA2AEDD4CB008E0D73 /* Base */ = {isa = PBXFileReference; lastKnownFileType = file.storyboard; name = Base; path = Base.lproj/Main.storyboard; sourceTree = "<group>"; };
		CD0A94FC2AEDD4CC008E0D73 /* Assets.xcassets */ = {isa = PBXFileReference; lastKnownFileType = folder.assetcatalog; path = Assets.xcassets; sourceTree = "<group>"; };
		CD0A94FF2AEDD4CC008E0D73 /* Base */ = {isa = PBXFileReference; lastKnownFileType = file.storyboard; name = Base; path = Base.lproj/LaunchScreen.storyboard; sourceTree = "<group>"; };
		CD0A95012AEDD4CC008E0D73 /* Info.plist */ = {isa = PBXFileReference; lastKnownFileType = text.plist.xml; path = Info.plist; sourceTree = "<group>"; };
		CD0B22F02AEE73A400180DF9 /* URLSessionable.swift */ = {isa = PBXFileReference; lastKnownFileType = sourcecode.swift; path = URLSessionable.swift; sourceTree = "<group>"; };
		CD0B22F22AEE74E300180DF9 /* NetworkManageable.swift */ = {isa = PBXFileReference; lastKnownFileType = sourcecode.swift; path = NetworkManageable.swift; sourceTree = "<group>"; };
		CD0B22F52AEE755400180DF9 /* ListRepositoryActivities.swift */ = {isa = PBXFileReference; lastKnownFileType = sourcecode.swift; path = ListRepositoryActivities.swift; sourceTree = "<group>"; };
		CD0B22F72AEE759A00180DF9 /* NetworkManager.swift */ = {isa = PBXFileReference; lastKnownFileType = sourcecode.swift; path = NetworkManager.swift; sourceTree = "<group>"; };
		CD0B22FA2AEE771500180DF9 /* MGError.swift */ = {isa = PBXFileReference; lastKnownFileType = sourcecode.swift; path = MGError.swift; sourceTree = "<group>"; };
		CD0B22FD2AEE785700180DF9 /* HttpMethod.swift */ = {isa = PBXFileReference; lastKnownFileType = sourcecode.swift; path = HttpMethod.swift; sourceTree = "<group>"; };
		CD0B22FF2AEE794500180DF9 /* NetworkRequest.swift */ = {isa = PBXFileReference; lastKnownFileType = sourcecode.swift; path = NetworkRequest.swift; sourceTree = "<group>"; };
		CD0B23012AEE7F0E00180DF9 /* HeaderField.swift */ = {isa = PBXFileReference; lastKnownFileType = sourcecode.swift; path = HeaderField.swift; sourceTree = "<group>"; };
		CD209F6F2AEF220A00FF3A06 /* APIEnviorment.swift */ = {isa = PBXFileReference; lastKnownFileType = sourcecode.swift; path = APIEnviorment.swift; sourceTree = "<group>"; };
		CD209F722AEF242800FF3A06 /* GithubServiceEndPoint.swift */ = {isa = PBXFileReference; lastKnownFileType = sourcecode.swift; path = GithubServiceEndPoint.swift; sourceTree = "<group>"; };
		CD209F762AEF2C4600FF3A06 /* ImageContents.swift */ = {isa = PBXFileReference; lastKnownFileType = sourcecode.swift; path = ImageContents.swift; sourceTree = "<group>"; };
		CD209F7A2AEF2EEE00FF3A06 /* ListRepositoiesForUser.swift */ = {isa = PBXFileReference; lastKnownFileType = sourcecode.swift; path = ListRepositoiesForUser.swift; sourceTree = "<group>"; };
		CD209F7C2AEF41D900FF3A06 /* PRODUCTION-API-TOKEN.plist */ = {isa = PBXFileReference; lastKnownFileType = text.plist.xml; path = "PRODUCTION-API-TOKEN.plist"; sourceTree = "<group>"; };
		CD209F842AEF42C200FF3A06 /* Bundle+.swift */ = {isa = PBXFileReference; lastKnownFileType = sourcecode.swift; path = "Bundle+.swift"; sourceTree = "<group>"; };
		CD92057E2AEF55E9005EF657 /* DEVELOPMENT-API-TOKEN.plist */ = {isa = PBXFileReference; lastKnownFileType = text.plist.xml; path = "DEVELOPMENT-API-TOKEN.plist"; sourceTree = "<group>"; };
		CD9205802AEF5602005EF657 /* STAGING-API-TOKEN.plist */ = {isa = PBXFileReference; lastKnownFileType = text.plist.xml; path = "STAGING-API-TOKEN.plist"; sourceTree = "<group>"; };
/* End PBXFileReference section */

/* Begin PBXFrameworksBuildPhase section */
		CD0A94ED2AEDD4CB008E0D73 /* Frameworks */ = {
			isa = PBXFrameworksBuildPhase;
			buildActionMask = 2147483647;
			files = (
			);
			runOnlyForDeploymentPostprocessing = 0;
		};
/* End PBXFrameworksBuildPhase section */

/* Begin PBXGroup section */
		CD0A94E72AEDD4CB008E0D73 = {
			isa = PBXGroup;
			children = (
				CD0A94F22AEDD4CB008E0D73 /* monegi */,
				CD0A94F12AEDD4CB008E0D73 /* Products */,
			);
			sourceTree = "<group>";
		};
		CD0A94F12AEDD4CB008E0D73 /* Products */ = {
			isa = PBXGroup;
			children = (
				CD0A94F02AEDD4CB008E0D73 /* monegi.app */,
			);
			name = Products;
			sourceTree = "<group>";
		};
		CD0A94F22AEDD4CB008E0D73 /* monegi */ = {
			isa = PBXGroup;
			children = (
				CD0A94F32AEDD4CB008E0D73 /* AppDelegate.swift */,
				CD0A94F52AEDD4CB008E0D73 /* SceneDelegate.swift */,
				CD209F832AEF42A200FF3A06 /* Extension */,
				CDB724292AEE6FB7002F4FD0 /* Model */,
				CDB7242A2AEE6FC5002F4FD0 /* View */,
				CDB724282AEE6FA6002F4FD0 /* Controller */,
				CD0A94FC2AEDD4CC008E0D73 /* Assets.xcassets */,
				CD0A95012AEDD4CC008E0D73 /* Info.plist */,
				CD209F7C2AEF41D900FF3A06 /* PRODUCTION-API-TOKEN.plist */,
				CD92057E2AEF55E9005EF657 /* DEVELOPMENT-API-TOKEN.plist */,
				CD9205802AEF5602005EF657 /* STAGING-API-TOKEN.plist */,
			);
			path = monegi;
			sourceTree = "<group>";
		};
		CD0B22E82AEE72DA00180DF9 /* NetworkManager */ = {
			isa = PBXGroup;
			children = (
				CD0B22E92AEE72F300180DF9 /* Protocol */,
			);
			path = NetworkManager;
			sourceTree = "<group>";
		};
		CD0B22E92AEE72F300180DF9 /* Protocol */ = {
			isa = PBXGroup;
			children = (
				CD0B22EB2AEE730700180DF9 /* Implement */,
				CD0B22EA2AEE72FE00180DF9 /* Interface */,
			);
			path = Protocol;
			sourceTree = "<group>";
		};
		CD0B22EA2AEE72FE00180DF9 /* Interface */ = {
			isa = PBXGroup;
			children = (
				CD0B22F22AEE74E300180DF9 /* NetworkManageable.swift */,
			);
			path = Interface;
			sourceTree = "<group>";
		};
		CD0B22EB2AEE730700180DF9 /* Implement */ = {
			isa = PBXGroup;
			children = (
				CD0B22F72AEE759A00180DF9 /* NetworkManager.swift */,
			);
			path = Implement;
			sourceTree = "<group>";
		};
		CD0B22EC2AEE736500180DF9 /* URLSession */ = {
			isa = PBXGroup;
			children = (
				CD0B22ED2AEE737200180DF9 /* Protocol */,
			);
			path = URLSession;
			sourceTree = "<group>";
		};
		CD0B22ED2AEE737200180DF9 /* Protocol */ = {
			isa = PBXGroup;
			children = (
				CD0B22EE2AEE737B00180DF9 /* Implement */,
				CD0B22EF2AEE738500180DF9 /* Interface */,
			);
			path = Protocol;
			sourceTree = "<group>";
		};
		CD0B22EE2AEE737B00180DF9 /* Implement */ = {
			isa = PBXGroup;
			children = (
			);
			path = Implement;
			sourceTree = "<group>";
		};
		CD0B22EF2AEE738500180DF9 /* Interface */ = {
			isa = PBXGroup;
			children = (
				CD0B22F02AEE73A400180DF9 /* URLSessionable.swift */,
			);
			path = Interface;
			sourceTree = "<group>";
		};
		CD0B22F42AEE753600180DF9 /* ListRepositoryActivities */ = {
			isa = PBXGroup;
			children = (
				CD0B22F52AEE755400180DF9 /* ListRepositoryActivities.swift */,
			);
			path = ListRepositoryActivities;
			sourceTree = "<group>";
		};
		CD0B22F92AEE76F500180DF9 /* Error */ = {
			isa = PBXGroup;
			children = (
				CD0B22FA2AEE771500180DF9 /* MGError.swift */,
			);
			path = Error;
			sourceTree = "<group>";
		};
		CD0B22FC2AEE784400180DF9 /* Service */ = {
			isa = PBXGroup;
			children = (
				CD0B22FD2AEE785700180DF9 /* HttpMethod.swift */,
				CD0B22FF2AEE794500180DF9 /* NetworkRequest.swift */,
				CD0B23012AEE7F0E00180DF9 /* HeaderField.swift */,
				CD209F6F2AEF220A00FF3A06 /* APIEnviorment.swift */,
				CD209F712AEF240A00FF3A06 /* Github */,
			);
			path = Service;
			sourceTree = "<group>";
		};
		CD209F712AEF240A00FF3A06 /* Github */ = {
			isa = PBXGroup;
			children = (
				CD209F722AEF242800FF3A06 /* GithubServiceEndPoint.swift */,
			);
			path = Github;
			sourceTree = "<group>";
		};
		CD209F742AEF2C2700FF3A06 /* Common */ = {
			isa = PBXGroup;
			children = (
				CD209F752AEF2C3100FF3A06 /* ImageAssets */,
			);
			path = Common;
			sourceTree = "<group>";
		};
		CD209F752AEF2C3100FF3A06 /* ImageAssets */ = {
			isa = PBXGroup;
			children = (
				CD209F762AEF2C4600FF3A06 /* ImageContents.swift */,
			);
			path = ImageAssets;
			sourceTree = "<group>";
		};
		CD209F782AEF2EA900FF3A06 /* ListPublicRepositories */ = {
			isa = PBXGroup;
			children = (
				CD209F7A2AEF2EEE00FF3A06 /* ListRepositoiesForUser.swift */,
			);
			path = ListPublicRepositories;
			sourceTree = "<group>";
		};
		CD209F792AEF2ECA00FF3A06 /* GithubAPI */ = {
			isa = PBXGroup;
			children = (
				CD209F782AEF2EA900FF3A06 /* ListPublicRepositories */,
				CD0B22F42AEE753600180DF9 /* ListRepositoryActivities */,
			);
			path = GithubAPI;
			sourceTree = "<group>";
		};
		CD209F832AEF42A200FF3A06 /* Extension */ = {
			isa = PBXGroup;
			children = (
				CD209F842AEF42C200FF3A06 /* Bundle+.swift */,
			);
			path = Extension;
			sourceTree = "<group>";
		};
		CDB724282AEE6FA6002F4FD0 /* Controller */ = {
			isa = PBXGroup;
			children = (
				CD0A94F72AEDD4CB008E0D73 /* SearchViewController.swift */,
			);
			path = Controller;
			sourceTree = "<group>";
		};
		CDB724292AEE6FB7002F4FD0 /* Model */ = {
			isa = PBXGroup;
			children = (
				CD209F792AEF2ECA00FF3A06 /* GithubAPI */,
				CD209F742AEF2C2700FF3A06 /* Common */,
				CD0B22FC2AEE784400180DF9 /* Service */,
				CD0B22F92AEE76F500180DF9 /* Error */,
				CD0B22EC2AEE736500180DF9 /* URLSession */,
				CD0B22E82AEE72DA00180DF9 /* NetworkManager */,
			);
			path = Model;
			sourceTree = "<group>";
		};
		CDB7242A2AEE6FC5002F4FD0 /* View */ = {
			isa = PBXGroup;
			children = (
				CD0A94F92AEDD4CB008E0D73 /* Main.storyboard */,
				CD0A94FE2AEDD4CC008E0D73 /* LaunchScreen.storyboard */,
			);
			path = View;
			sourceTree = "<group>";
		};
/* End PBXGroup section */

/* Begin PBXNativeTarget section */
		CD0A94EF2AEDD4CB008E0D73 /* monegi */ = {
			isa = PBXNativeTarget;
			buildConfigurationList = CD0A95042AEDD4CC008E0D73 /* Build configuration list for PBXNativeTarget "monegi" */;
			buildPhases = (
				CD0A94EC2AEDD4CB008E0D73 /* Sources */,
				CD0A94ED2AEDD4CB008E0D73 /* Frameworks */,
				CD0A94EE2AEDD4CB008E0D73 /* Resources */,
			);
			buildRules = (
			);
			dependencies = (
			);
			name = monegi;
			productName = monegi;
			productReference = CD0A94F02AEDD4CB008E0D73 /* monegi.app */;
			productType = "com.apple.product-type.application";
		};
/* End PBXNativeTarget section */

/* Begin PBXProject section */
		CD0A94E82AEDD4CB008E0D73 /* Project object */ = {
			isa = PBXProject;
			attributes = {
				BuildIndependentTargetsInParallel = 1;
				LastSwiftUpdateCheck = 1500;
				LastUpgradeCheck = 1500;
				TargetAttributes = {
					CD0A94EF2AEDD4CB008E0D73 = {
						CreatedOnToolsVersion = 15.0.1;
					};
				};
			};
			buildConfigurationList = CD0A94EB2AEDD4CB008E0D73 /* Build configuration list for PBXProject "monegi" */;
			compatibilityVersion = "Xcode 14.0";
			developmentRegion = en;
			hasScannedForEncodings = 0;
			knownRegions = (
				en,
				Base,
			);
			mainGroup = CD0A94E72AEDD4CB008E0D73;
			productRefGroup = CD0A94F12AEDD4CB008E0D73 /* Products */;
			projectDirPath = "";
			projectRoot = "";
			targets = (
				CD0A94EF2AEDD4CB008E0D73 /* monegi */,
			);
		};
/* End PBXProject section */

/* Begin PBXResourcesBuildPhase section */
		CD0A94EE2AEDD4CB008E0D73 /* Resources */ = {
			isa = PBXResourcesBuildPhase;
			buildActionMask = 2147483647;
			files = (
				CD209F7D2AEF41D900FF3A06 /* PRODUCTION-API-TOKEN.plist in Resources */,
				CD9205812AEF5602005EF657 /* STAGING-API-TOKEN.plist in Resources */,
				CD0A95002AEDD4CC008E0D73 /* LaunchScreen.storyboard in Resources */,
				CD0A94FD2AEDD4CC008E0D73 /* Assets.xcassets in Resources */,
				CD92057F2AEF55E9005EF657 /* DEVELOPMENT-API-TOKEN.plist in Resources */,
				CD0A94FB2AEDD4CB008E0D73 /* Main.storyboard in Resources */,
			);
			runOnlyForDeploymentPostprocessing = 0;
		};
/* End PBXResourcesBuildPhase section */

/* Begin PBXSourcesBuildPhase section */
		CD0A94EC2AEDD4CB008E0D73 /* Sources */ = {
			isa = PBXSourcesBuildPhase;
			buildActionMask = 2147483647;
			files = (
				CD0B22F62AEE755400180DF9 /* ListRepositoryActivities.swift in Sources */,
				CD0B22F32AEE74E300180DF9 /* NetworkManageable.swift in Sources */,
				CD0A94F82AEDD4CB008E0D73 /* SearchViewController.swift in Sources */,
				CD0B22F82AEE759A00180DF9 /* NetworkManager.swift in Sources */,
				CD209F7B2AEF2EEE00FF3A06 /* ListRepositoiesForUser.swift in Sources */,
				CD0B23002AEE794500180DF9 /* NetworkRequest.swift in Sources */,
				CD0B23022AEE7F0E00180DF9 /* HeaderField.swift in Sources */,
				CD0B22FE2AEE785700180DF9 /* HttpMethod.swift in Sources */,
				CD0A94F42AEDD4CB008E0D73 /* AppDelegate.swift in Sources */,
				CD0B22F12AEE73A400180DF9 /* URLSessionable.swift in Sources */,
				CD0B22FB2AEE771500180DF9 /* MGError.swift in Sources */,
				CD209F702AEF220A00FF3A06 /* APIEnviorment.swift in Sources */,
				CD0A94F62AEDD4CB008E0D73 /* SceneDelegate.swift in Sources */,
				CD209F852AEF42C200FF3A06 /* Bundle+.swift in Sources */,
				CD209F772AEF2C4600FF3A06 /* ImageContents.swift in Sources */,
				CD209F732AEF242800FF3A06 /* GithubServiceEndPoint.swift in Sources */,
			);
			runOnlyForDeploymentPostprocessing = 0;
		};
/* End PBXSourcesBuildPhase section */

/* Begin PBXVariantGroup section */
		CD0A94F92AEDD4CB008E0D73 /* Main.storyboard */ = {
			isa = PBXVariantGroup;
			children = (
				CD0A94FA2AEDD4CB008E0D73 /* Base */,
			);
			name = Main.storyboard;
			sourceTree = "<group>";
		};
		CD0A94FE2AEDD4CC008E0D73 /* LaunchScreen.storyboard */ = {
			isa = PBXVariantGroup;
			children = (
				CD0A94FF2AEDD4CC008E0D73 /* Base */,
			);
			name = LaunchScreen.storyboard;
			sourceTree = "<group>";
		};
/* End PBXVariantGroup section */

/* Begin XCBuildConfiguration section */
		CD0A95022AEDD4CC008E0D73 /* Debug */ = {
			isa = XCBuildConfiguration;
			buildSettings = {
				ALWAYS_SEARCH_USER_PATHS = NO;
				ASSETCATALOG_COMPILER_GENERATE_SWIFT_ASSET_SYMBOL_EXTENSIONS = YES;
				CLANG_ANALYZER_NONNULL = YES;
				CLANG_ANALYZER_NUMBER_OBJECT_CONVERSION = YES_AGGRESSIVE;
				CLANG_CXX_LANGUAGE_STANDARD = "gnu++20";
				CLANG_ENABLE_MODULES = YES;
				CLANG_ENABLE_OBJC_ARC = YES;
				CLANG_ENABLE_OBJC_WEAK = YES;
				CLANG_WARN_BLOCK_CAPTURE_AUTORELEASING = YES;
				CLANG_WARN_BOOL_CONVERSION = YES;
				CLANG_WARN_COMMA = YES;
				CLANG_WARN_CONSTANT_CONVERSION = YES;
				CLANG_WARN_DEPRECATED_OBJC_IMPLEMENTATIONS = YES;
				CLANG_WARN_DIRECT_OBJC_ISA_USAGE = YES_ERROR;
				CLANG_WARN_DOCUMENTATION_COMMENTS = YES;
				CLANG_WARN_EMPTY_BODY = YES;
				CLANG_WARN_ENUM_CONVERSION = YES;
				CLANG_WARN_INFINITE_RECURSION = YES;
				CLANG_WARN_INT_CONVERSION = YES;
				CLANG_WARN_NON_LITERAL_NULL_CONVERSION = YES;
				CLANG_WARN_OBJC_IMPLICIT_RETAIN_SELF = YES;
				CLANG_WARN_OBJC_LITERAL_CONVERSION = YES;
				CLANG_WARN_OBJC_ROOT_CLASS = YES_ERROR;
				CLANG_WARN_QUOTED_INCLUDE_IN_FRAMEWORK_HEADER = YES;
				CLANG_WARN_RANGE_LOOP_ANALYSIS = YES;
				CLANG_WARN_STRICT_PROTOTYPES = YES;
				CLANG_WARN_SUSPICIOUS_MOVE = YES;
				CLANG_WARN_UNGUARDED_AVAILABILITY = YES_AGGRESSIVE;
				CLANG_WARN_UNREACHABLE_CODE = YES;
				CLANG_WARN__DUPLICATE_METHOD_MATCH = YES;
				COPY_PHASE_STRIP = NO;
				DEBUG_INFORMATION_FORMAT = dwarf;
				ENABLE_STRICT_OBJC_MSGSEND = YES;
				ENABLE_TESTABILITY = YES;
				ENABLE_USER_SCRIPT_SANDBOXING = YES;
				GCC_C_LANGUAGE_STANDARD = gnu17;
				GCC_DYNAMIC_NO_PIC = NO;
				GCC_NO_COMMON_BLOCKS = YES;
				GCC_OPTIMIZATION_LEVEL = 0;
				GCC_PREPROCESSOR_DEFINITIONS = (
					"DEBUG=1",
					"$(inherited)",
				);
				GCC_WARN_64_TO_32_BIT_CONVERSION = YES;
				GCC_WARN_ABOUT_RETURN_TYPE = YES_ERROR;
				GCC_WARN_UNDECLARED_SELECTOR = YES;
				GCC_WARN_UNINITIALIZED_AUTOS = YES_AGGRESSIVE;
				GCC_WARN_UNUSED_FUNCTION = YES;
				GCC_WARN_UNUSED_VARIABLE = YES;
				IPHONEOS_DEPLOYMENT_TARGET = 14.0;
				LOCALIZATION_PREFERS_STRING_CATALOGS = YES;
				MTL_ENABLE_DEBUG_INFO = INCLUDE_SOURCE;
				MTL_FAST_MATH = YES;
				ONLY_ACTIVE_ARCH = YES;
				SDKROOT = iphoneos;
				SWIFT_ACTIVE_COMPILATION_CONDITIONS = "DEBUG $(inherited)";
				SWIFT_OPTIMIZATION_LEVEL = "-Onone";
			};
			name = Debug;
		};
		CD0A95032AEDD4CC008E0D73 /* Release */ = {
			isa = XCBuildConfiguration;
			buildSettings = {
				ALWAYS_SEARCH_USER_PATHS = NO;
				ASSETCATALOG_COMPILER_GENERATE_SWIFT_ASSET_SYMBOL_EXTENSIONS = YES;
				CLANG_ANALYZER_NONNULL = YES;
				CLANG_ANALYZER_NUMBER_OBJECT_CONVERSION = YES_AGGRESSIVE;
				CLANG_CXX_LANGUAGE_STANDARD = "gnu++20";
				CLANG_ENABLE_MODULES = YES;
				CLANG_ENABLE_OBJC_ARC = YES;
				CLANG_ENABLE_OBJC_WEAK = YES;
				CLANG_WARN_BLOCK_CAPTURE_AUTORELEASING = YES;
				CLANG_WARN_BOOL_CONVERSION = YES;
				CLANG_WARN_COMMA = YES;
				CLANG_WARN_CONSTANT_CONVERSION = YES;
				CLANG_WARN_DEPRECATED_OBJC_IMPLEMENTATIONS = YES;
				CLANG_WARN_DIRECT_OBJC_ISA_USAGE = YES_ERROR;
				CLANG_WARN_DOCUMENTATION_COMMENTS = YES;
				CLANG_WARN_EMPTY_BODY = YES;
				CLANG_WARN_ENUM_CONVERSION = YES;
				CLANG_WARN_INFINITE_RECURSION = YES;
				CLANG_WARN_INT_CONVERSION = YES;
				CLANG_WARN_NON_LITERAL_NULL_CONVERSION = YES;
				CLANG_WARN_OBJC_IMPLICIT_RETAIN_SELF = YES;
				CLANG_WARN_OBJC_LITERAL_CONVERSION = YES;
				CLANG_WARN_OBJC_ROOT_CLASS = YES_ERROR;
				CLANG_WARN_QUOTED_INCLUDE_IN_FRAMEWORK_HEADER = YES;
				CLANG_WARN_RANGE_LOOP_ANALYSIS = YES;
				CLANG_WARN_STRICT_PROTOTYPES = YES;
				CLANG_WARN_SUSPICIOUS_MOVE = YES;
				CLANG_WARN_UNGUARDED_AVAILABILITY = YES_AGGRESSIVE;
				CLANG_WARN_UNREACHABLE_CODE = YES;
				CLANG_WARN__DUPLICATE_METHOD_MATCH = YES;
				COPY_PHASE_STRIP = NO;
				DEBUG_INFORMATION_FORMAT = "dwarf-with-dsym";
				ENABLE_NS_ASSERTIONS = NO;
				ENABLE_STRICT_OBJC_MSGSEND = YES;
				ENABLE_USER_SCRIPT_SANDBOXING = YES;
				GCC_C_LANGUAGE_STANDARD = gnu17;
				GCC_NO_COMMON_BLOCKS = YES;
				GCC_WARN_64_TO_32_BIT_CONVERSION = YES;
				GCC_WARN_ABOUT_RETURN_TYPE = YES_ERROR;
				GCC_WARN_UNDECLARED_SELECTOR = YES;
				GCC_WARN_UNINITIALIZED_AUTOS = YES_AGGRESSIVE;
				GCC_WARN_UNUSED_FUNCTION = YES;
				GCC_WARN_UNUSED_VARIABLE = YES;
				IPHONEOS_DEPLOYMENT_TARGET = 14.0;
				LOCALIZATION_PREFERS_STRING_CATALOGS = YES;
				MTL_ENABLE_DEBUG_INFO = NO;
				MTL_FAST_MATH = YES;
				SDKROOT = iphoneos;
				SWIFT_COMPILATION_MODE = wholemodule;
				VALIDATE_PRODUCT = YES;
			};
			name = Release;
		};
		CD0A95052AEDD4CC008E0D73 /* Debug */ = {
			isa = XCBuildConfiguration;
			buildSettings = {
				ASSETCATALOG_COMPILER_APPICON_NAME = AppIcon;
				ASSETCATALOG_COMPILER_GLOBAL_ACCENT_COLOR_NAME = AccentColor;
				CODE_SIGN_STYLE = Automatic;
				CURRENT_PROJECT_VERSION = 1;
				DEVELOPMENT_TEAM = 64WAG22Y2J;
				GENERATE_INFOPLIST_FILE = YES;
				INFOPLIST_FILE = monegi/Info.plist;
				INFOPLIST_KEY_UIApplicationSupportsIndirectInputEvents = YES;
				INFOPLIST_KEY_UILaunchStoryboardName = LaunchScreen;
				INFOPLIST_KEY_UIMainStoryboardFile = Main;
				INFOPLIST_KEY_UISupportedInterfaceOrientations_iPad = "UIInterfaceOrientationPortrait UIInterfaceOrientationPortraitUpsideDown UIInterfaceOrientationLandscapeLeft UIInterfaceOrientationLandscapeRight";
				INFOPLIST_KEY_UISupportedInterfaceOrientations_iPhone = "UIInterfaceOrientationPortrait UIInterfaceOrientationLandscapeLeft UIInterfaceOrientationLandscapeRight";
				IPHONEOS_DEPLOYMENT_TARGET = 14.0;
				LD_RUNPATH_SEARCH_PATHS = (
					"$(inherited)",
					"@executable_path/Frameworks",
				);
				MARKETING_VERSION = 1.0;
				PRODUCT_BUNDLE_IDENTIFIER = dev.kobe.monegi;
				PRODUCT_NAME = "$(TARGET_NAME)";
				SUPPORTED_PLATFORMS = "iphoneos iphonesimulator";
				SUPPORTS_MACCATALYST = NO;
				SUPPORTS_MAC_DESIGNED_FOR_IPHONE_IPAD = NO;
				SWIFT_EMIT_LOC_STRINGS = YES;
				SWIFT_VERSION = 5.0;
				TARGETED_DEVICE_FAMILY = 1;
			};
			name = Debug;
		};
		CD0A95062AEDD4CC008E0D73 /* Release */ = {
			isa = XCBuildConfiguration;
			buildSettings = {
				ASSETCATALOG_COMPILER_APPICON_NAME = AppIcon;
				ASSETCATALOG_COMPILER_GLOBAL_ACCENT_COLOR_NAME = AccentColor;
				CODE_SIGN_STYLE = Automatic;
				CURRENT_PROJECT_VERSION = 1;
				DEVELOPMENT_TEAM = 64WAG22Y2J;
				GENERATE_INFOPLIST_FILE = YES;
				INFOPLIST_FILE = monegi/Info.plist;
				INFOPLIST_KEY_UIApplicationSupportsIndirectInputEvents = YES;
				INFOPLIST_KEY_UILaunchStoryboardName = LaunchScreen;
				INFOPLIST_KEY_UIMainStoryboardFile = Main;
				INFOPLIST_KEY_UISupportedInterfaceOrientations_iPad = "UIInterfaceOrientationPortrait UIInterfaceOrientationPortraitUpsideDown UIInterfaceOrientationLandscapeLeft UIInterfaceOrientationLandscapeRight";
				INFOPLIST_KEY_UISupportedInterfaceOrientations_iPhone = "UIInterfaceOrientationPortrait UIInterfaceOrientationLandscapeLeft UIInterfaceOrientationLandscapeRight";
				IPHONEOS_DEPLOYMENT_TARGET = 14.0;
				LD_RUNPATH_SEARCH_PATHS = (
					"$(inherited)",
					"@executable_path/Frameworks",
				);
				MARKETING_VERSION = 1.0;
				PRODUCT_BUNDLE_IDENTIFIER = dev.kobe.monegi;
				PRODUCT_NAME = "$(TARGET_NAME)";
				SUPPORTED_PLATFORMS = "iphoneos iphonesimulator";
				SUPPORTS_MACCATALYST = NO;
				SUPPORTS_MAC_DESIGNED_FOR_IPHONE_IPAD = NO;
				SWIFT_EMIT_LOC_STRINGS = YES;
				SWIFT_VERSION = 5.0;
				TARGETED_DEVICE_FAMILY = 1;
			};
			name = Release;
		};
/* End XCBuildConfiguration section */

/* Begin XCConfigurationList section */
		CD0A94EB2AEDD4CB008E0D73 /* Build configuration list for PBXProject "monegi" */ = {
			isa = XCConfigurationList;
			buildConfigurations = (
				CD0A95022AEDD4CC008E0D73 /* Debug */,
				CD0A95032AEDD4CC008E0D73 /* Release */,
			);
			defaultConfigurationIsVisible = 0;
			defaultConfigurationName = Release;
		};
		CD0A95042AEDD4CC008E0D73 /* Build configuration list for PBXNativeTarget "monegi" */ = {
			isa = XCConfigurationList;
			buildConfigurations = (
				CD0A95052AEDD4CC008E0D73 /* Debug */,
				CD0A95062AEDD4CC008E0D73 /* Release */,
			);
			defaultConfigurationIsVisible = 0;
			defaultConfigurationName = Release;
		};
/* End XCConfigurationList section */
	};
	rootObject = CD0A94E82AEDD4CB008E0D73 /* Project object */;
}
